
Microsoft Visual Studio Solution File, Format Version 12.00
# Visual Studio Version 17
VisualStudioVersion = 17.3.32929.385
MinimumVisualStudioVersion = 10.0.40219.1
Project("{FAE04EC0-301F-11D3-BF4B-00C04F79EFBC}") = "MatchGame", "MatchGame\MatchGame.csproj", "{A775A55D-F8AD-419E-80C6-CAE046FC0A9F}"
EndProject
Global
	GlobalSection(SolutionConfigurationPlatforms) = preSolution
		Debug|Any CPU = Debug|Any CPU
		Release|Any CPU = Release|Any CPU
	EndGlobalSection
	GlobalSection(ProjectConfigurationPlatforms) = postSolution
		{A775A55D-F8AD-419E-80C6-CAE046FC0A9F}.Debug|Any CPU.ActiveCfg = Debug|Any CPU
		{A775A55D-F8AD-419E-80C6-CAE046FC0A9F}.Debug|Any CPU.Build.0 = Debug|Any CPU
		{A775A55D-F8AD-419E-80C6-CAE046FC0A9F}.Release|Any CPU.ActiveCfg = Release|Any CPU
		{A775A55D-F8AD-419E-80C6-CAE046FC0A9F}.Release|Any CPU.Build.0 = Release|Any CPU
	EndGlobalSection
	GlobalSection(SolutionProperties) = preSolution
		HideSolutionNode = FALSE
	EndGlobalSection
	GlobalSection(ExtensibilityGlobals) = postSolution
		SolutionGuid = {FA3A5561-8815-47D9-9D7C-ACA37DD767DC}
	EndGlobalSection
EndGlobal
